github.com/alex-muller/sso-protos v0.0.0-20260201190009-56e0d4a1c955 h1:0Y+1fjHdf2pR42NmzVM4IHaYFOKa4mpiujkAlWy3FeY=
github.com/alex-muller/sso-protos v0.0.0-20260201190009-56e0d4a1c955/go.mod h1:VoHYpTAVPRjSmm/Zhtw7zpsOpT7YaZC0Kg9Arru7Ssc=
github.com/alex-muller/sso-protos v0.0.1 h1:JAcBbrJFQcYXZ7gmtIGRx2Z9LkBZMO0iEIeCa4WvH68=
github.com/alex-muller/sso-protos v0.0.1/go.mod h1:VoHYpTAVPRjSmm/Zhtw7zpsOpT7YaZC0Kg9Arru7Ssc=
